
Microsoft Visual Studio Solution File, Format Version 12.00
# Visual Studio 15
VisualStudioVersion = 15.0.27004.2002
MinimumVisualStudioVersion = 10.0.40219.1
Project("{FAE04EC0-301F-11D3-BF4B-00C04F79EFBC}") = "MusicStore.web", "MusicStore.web\MusicStore.web.csproj", "{CFBCC852-27B8-4133-AB36-5F0283F27404}"
EndProject
Project("{9A19103F-16F7-4668-BE54-9A1E7A4F7556}") = "Domain", "Domain\Domain.csproj", "{B063BAE4-5760-43BF-9410-0FC85C28D212}"
EndProject
Project("{FAE04EC0-301F-11D3-BF4B-00C04F79EFBC}") = "Helpers", "Helpers\Helpers.csproj", "{BA70E5D8-ACEE-468F-8FC8-3383448AEA57}"
EndProject
Project("{FAE04EC0-301F-11D3-BF4B-00C04F79EFBC}") = "BusinessLogic", "BusinessLogic\BusinessLogic.csproj", "{6BC0D78A-D9EC-43AD-957F-3E3EACC0CD2D}"
EndProject
Project("{2150E333-8FDC-42A3-9474-1A3956D46DE8}") = "Data", "Data", "{99BED1B0-C413-496D-BA4A-9B77F18D9BB2}"
	ProjectSection(SolutionItems) = preProject
		ApplicationDbContext.cs = ApplicationDbContext.cs
	EndProjectSection
EndProject
Project("{2150E333-8FDC-42A3-9474-1A3956D46DE8}") = "Repository", "Repository", "{4519DD54-C45C-4691-8591-7FCA40F3A248}"
	ProjectSection(SolutionItems) = preProject
		GenericRepository.cs = GenericRepository.cs
		IGenericRepository.cs = IGenericRepository.cs
	EndProjectSection
EndProject
Global
	GlobalSection(SolutionConfigurationPlatforms) = preSolution
		Debug|Any CPU = Debug|Any CPU
		Release|Any CPU = Release|Any CPU
	EndGlobalSection
	GlobalSection(ProjectConfigurationPlatforms) = postSolution
		{CFBCC852-27B8-4133-AB36-5F0283F27404}.Debug|Any CPU.ActiveCfg = Debug|Any CPU
		{CFBCC852-27B8-4133-AB36-5F0283F27404}.Debug|Any CPU.Build.0 = Debug|Any CPU
		{CFBCC852-27B8-4133-AB36-5F0283F27404}.Release|Any CPU.ActiveCfg = Release|Any CPU
		{CFBCC852-27B8-4133-AB36-5F0283F27404}.Release|Any CPU.Build.0 = Release|Any CPU

		{B063BAE4-5760-43BF-9410-0FC85C28D212}.Debug|Any CPU.ActiveCfg = Debug|Any CPU
		{B063BAE4-5760-43BF-9410-0FC85C28D212}.Debug|Any CPU.Build.0 = Debug|Any CPU
		{B063BAE4-5760-43BF-9410-0FC85C28D212}.Release|Any CPU.ActiveCfg = Release|Any CPU
		{B063BAE4-5760-43BF-9410-0FC85C28D212}.Release|Any CPU.Build.0 = Release|Any CPU
		{BA70E5D8-ACEE-468F-8FC8-3383448AEA57}.Debug|Any CPU.ActiveCfg = Debug|Any CPU
		{BA70E5D8-ACEE-468F-8FC8-3383448AEA57}.Debug|Any CPU.Build.0 = Debug|Any CPU
		{BA70E5D8-ACEE-468F-8FC8-3383448AEA57}.Release|Any CPU.ActiveCfg = Release|Any CPU
		{BA70E5D8-ACEE-468F-8FC8-3383448AEA57}.Release|Any CPU.Build.0 = Release|Any CPU
		{6BC0D78A-D9EC-43AD-957F-3E3EACC0CD2D}.Debug|Any CPU.ActiveCfg = Debug|Any CPU
		{6BC0D78A-D9EC-43AD-957F-3E3EACC0CD2D}.Debug|Any CPU.Build.0 = Debug|Any CPU
		{6BC0D78A-D9EC-43AD-957F-3E3EACC0CD2D}.Release|Any CPU.ActiveCfg = Release|Any CPU
		{6BC0D78A-D9EC-43AD-957F-3E3EACC0CD2D}.Release|Any CPU.Build.0 = Release|Any CPU
	EndGlobalSection
	GlobalSection(SolutionProperties) = preSolution
		HideSolutionNode = FALSE
	EndGlobalSection
	GlobalSection(NestedProjects) = preSolution
		{4519DD54-C45C-4691-8591-7FCA40F3A248} = {99BED1B0-C413-496D-BA4A-9B77F18D9BB2}
	EndGlobalSection
	GlobalSection(ExtensibilityGlobals) = postSolution
		SolutionGuid = {98072FAE-7C43-4044-B488-4AB612A34683}
	EndGlobalSection
EndGlobal
