
Microsoft Visual Studio Solution File, Format Version 12.00
# Visual Studio Version 17
VisualStudioVersion = 17.13.35806.99
MinimumVisualStudioVersion = 10.0.40219.1
Project("{FAE04EC0-301F-11D3-BF4B-00C04F79EFBC}") = "MusicStore.web", "MusicStore.web\MusicStore.web.csproj", "{CFBCC852-27B8-4133-AB36-5F0283F27404}"
EndProject
Project("{2150E333-8FDC-42A3-9474-1A3956D46DE8}") = "Data", "Data", "{99BED1B0-C413-496D-BA4A-9B77F18D9BB2}"
	ProjectSection(SolutionItems) = preProject
		ApplicationDbContext.cs = ApplicationDbContext.cs
	EndProjectSection
EndProject
Project("{2150E333-8FDC-42A3-9474-1A3956D46DE8}") = "Repository", "Repository", "{4519DD54-C45C-4691-8591-7FCA40F3A248}"
	ProjectSection(SolutionItems) = preProject
		GenericRepository.cs = GenericRepository.cs
		IGenericRepository.cs = IGenericRepository.cs
	EndProjectSection
EndProject
Project("{FAE04EC0-301F-11D3-BF4B-00C04F79EFBC}") = "MusicStore.BussinesLogic", "MusicStore.BusinessLogic\MusicStore.BussinesLogic.csproj", "{704A35C1-0BA3-4245-A4F6-F54992E2A2DC}"
EndProject
Project("{FAE04EC0-301F-11D3-BF4B-00C04F79EFBC}") = "MusicStore.Domain", "MusicStore.Domain\MusicStore.Domain.csproj", "{BB0FCF7C-01B7-483C-96E9-82146B430971}"
EndProject
Project("{FAE04EC0-301F-11D3-BF4B-00C04F79EFBC}") = "MusicStore.Helpers", "MusicStore.Helpers\MusicStore.Helpers.csproj", "{F630ADC6-442B-413D-B2CA-2C8B70730A8A}"
EndProject
Global
	GlobalSection(SolutionConfigurationPlatforms) = preSolution
		Debug|Any CPU = Debug|Any CPU
		Release|Any CPU = Release|Any CPU
	EndGlobalSection
	GlobalSection(ProjectConfigurationPlatforms) = postSolution
		{CFBCC852-27B8-4133-AB36-5F0283F27404}.Debug|Any CPU.ActiveCfg = Debug|Any CPU
		{CFBCC852-27B8-4133-AB36-5F0283F27404}.Debug|Any CPU.Build.0 = Debug|Any CPU
		{CFBCC852-27B8-4133-AB36-5F0283F27404}.Release|Any CPU.ActiveCfg = Release|Any CPU
		{CFBCC852-27B8-4133-AB36-5F0283F27404}.Release|Any CPU.Build.0 = Release|Any CPU
		{704A35C1-0BA3-4245-A4F6-F54992E2A2DC}.Debug|Any CPU.ActiveCfg = Debug|Any CPU
		{704A35C1-0BA3-4245-A4F6-F54992E2A2DC}.Debug|Any CPU.Build.0 = Debug|Any CPU
		{704A35C1-0BA3-4245-A4F6-F54992E2A2DC}.Release|Any CPU.ActiveCfg = Release|Any CPU
		{704A35C1-0BA3-4245-A4F6-F54992E2A2DC}.Release|Any CPU.Build.0 = Release|Any CPU
		{BB0FCF7C-01B7-483C-96E9-82146B430971}.Debug|Any CPU.ActiveCfg = Debug|Any CPU
		{BB0FCF7C-01B7-483C-96E9-82146B430971}.Debug|Any CPU.Build.0 = Debug|Any CPU
		{BB0FCF7C-01B7-483C-96E9-82146B430971}.Release|Any CPU.ActiveCfg = Release|Any CPU
		{BB0FCF7C-01B7-483C-96E9-82146B430971}.Release|Any CPU.Build.0 = Release|Any CPU
		{F630ADC6-442B-413D-B2CA-2C8B70730A8A}.Debug|Any CPU.ActiveCfg = Debug|Any CPU
		{F630ADC6-442B-413D-B2CA-2C8B70730A8A}.Debug|Any CPU.Build.0 = Debug|Any CPU
		{F630ADC6-442B-413D-B2CA-2C8B70730A8A}.Release|Any CPU.ActiveCfg = Release|Any CPU
		{F630ADC6-442B-413D-B2CA-2C8B70730A8A}.Release|Any CPU.Build.0 = Release|Any CPU
	EndGlobalSection
	GlobalSection(SolutionProperties) = preSolution
		HideSolutionNode = FALSE
	EndGlobalSection
	GlobalSection(NestedProjects) = preSolution
		{4519DD54-C45C-4691-8591-7FCA40F3A248} = {99BED1B0-C413-496D-BA4A-9B77F18D9BB2}
	EndGlobalSection
	GlobalSection(ExtensibilityGlobals) = postSolution
		SolutionGuid = {98072FAE-7C43-4044-B488-4AB612A34683}
	EndGlobalSection
EndGlobal
