
Microsoft Visual Studio Solution File, Format Version 12.00
# Visual Studio Version 17
VisualStudioVersion = 17.12.35707.178
MinimumVisualStudioVersion = 10.0.40219.1
Project("{FAE04EC0-301F-11D3-BF4B-00C04F79EFBC}") = "MusicStore.web", "MusicStore.web\MusicStore.web.csproj", "{CFBCC852-27B8-4133-AB36-5F0283F27404}"
EndProject
Project("{2150E333-8FDC-42A3-9474-1A3956D46DE8}") = "Solution Items", "Solution Items", "{3C010515-C856-45DC-9E8C-01FCB0D8205A}"
EndProject
Project("{FAE04EC0-301F-11D3-BF4B-00C04F79EFBC}") = "MusicStore.BussinesLogic", "MusicStore.BussinesLogic\MusicStore.BussinesLogic.csproj", "{F90D1063-9BBE-452E-97C5-786306C3DB7C}"
EndProject
Project("{FAE04EC0-301F-11D3-BF4B-00C04F79EFBC}") = "MusicStore.Domain", "MusicStore.Domain\MusicStore.Domain.csproj", "{5C5681B7-9076-4237-8624-CCCE59679880}"
EndProject
Project("{FAE04EC0-301F-11D3-BF4B-00C04F79EFBC}") = "MusicStore.helpers", "MusicStore.helpers\MusicStore.helpers.csproj", "{4138F475-15E5-4775-AEB6-FBAC0A8ADD56}"
EndProject
Global
	GlobalSection(SolutionConfigurationPlatforms) = preSolution
		Debug|Any CPU = Debug|Any CPU
		Release|Any CPU = Release|Any CPU
	EndGlobalSection
	GlobalSection(ProjectConfigurationPlatforms) = postSolution
		{CFBCC852-27B8-4133-AB36-5F0283F27404}.Debug|Any CPU.ActiveCfg = Debug|Any CPU
		{CFBCC852-27B8-4133-AB36-5F0283F27404}.Debug|Any CPU.Build.0 = Debug|Any CPU
		{CFBCC852-27B8-4133-AB36-5F0283F27404}.Release|Any CPU.ActiveCfg = Release|Any CPU
		{CFBCC852-27B8-4133-AB36-5F0283F27404}.Release|Any CPU.Build.0 = Release|Any CPU
		{F90D1063-9BBE-452E-97C5-786306C3DB7C}.Debug|Any CPU.ActiveCfg = Debug|Any CPU
		{F90D1063-9BBE-452E-97C5-786306C3DB7C}.Debug|Any CPU.Build.0 = Debug|Any CPU
		{F90D1063-9BBE-452E-97C5-786306C3DB7C}.Release|Any CPU.ActiveCfg = Release|Any CPU
		{F90D1063-9BBE-452E-97C5-786306C3DB7C}.Release|Any CPU.Build.0 = Release|Any CPU
		{5C5681B7-9076-4237-8624-CCCE59679880}.Debug|Any CPU.ActiveCfg = Debug|Any CPU
		{5C5681B7-9076-4237-8624-CCCE59679880}.Debug|Any CPU.Build.0 = Debug|Any CPU
		{5C5681B7-9076-4237-8624-CCCE59679880}.Release|Any CPU.ActiveCfg = Release|Any CPU
		{5C5681B7-9076-4237-8624-CCCE59679880}.Release|Any CPU.Build.0 = Release|Any CPU
		{4138F475-15E5-4775-AEB6-FBAC0A8ADD56}.Debug|Any CPU.ActiveCfg = Debug|Any CPU
		{4138F475-15E5-4775-AEB6-FBAC0A8ADD56}.Debug|Any CPU.Build.0 = Debug|Any CPU
		{4138F475-15E5-4775-AEB6-FBAC0A8ADD56}.Release|Any CPU.ActiveCfg = Release|Any CPU
		{4138F475-15E5-4775-AEB6-FBAC0A8ADD56}.Release|Any CPU.Build.0 = Release|Any CPU
	EndGlobalSection
	GlobalSection(SolutionProperties) = preSolution
		HideSolutionNode = FALSE
	EndGlobalSection
EndGlobal
